
Microsoft Visual Studio Solution File, Format Version 12.00
# Visual Studio Version 16
VisualStudioVersion = 16.0.30330.147
MinimumVisualStudioVersion = 10.0.40219.1
Project("{FAE04EC0-301F-11D3-BF4B-00C04F79EFBC}") = "ProductMicroservice", "ProductMicroservice.csproj", "{D82E52F9-8C29-4CF6-9870-D5CF3BF5D2A3}"
EndProject
Project("{FAE04EC0-301F-11D3-BF4B-00C04F79EFBC}") = "ProductTesting", "..\ProductTesting\ProductTesting.csproj", "{629BCF30-0246-4431-8DC0-AD88CC0CEF4C}"
EndProject
Global
	GlobalSection(SolutionConfigurationPlatforms) = preSolution
		Debug|Any CPU = Debug|Any CPU
		Release|Any CPU = Release|Any CPU
	EndGlobalSection
	GlobalSection(ProjectConfigurationPlatforms) = postSolution
		{D82E52F9-8C29-4CF6-9870-D5CF3BF5D2A3}.Debug|Any CPU.ActiveCfg = Debug|Any CPU
		{D82E52F9-8C29-4CF6-9870-D5CF3BF5D2A3}.Debug|Any CPU.Build.0 = Debug|Any CPU
		{D82E52F9-8C29-4CF6-9870-D5CF3BF5D2A3}.Release|Any CPU.ActiveCfg = Release|Any CPU
		{D82E52F9-8C29-4CF6-9870-D5CF3BF5D2A3}.Release|Any CPU.Build.0 = Release|Any CPU
		{629BCF30-0246-4431-8DC0-AD88CC0CEF4C}.Debug|Any CPU.ActiveCfg = Debug|Any CPU
		{629BCF30-0246-4431-8DC0-AD88CC0CEF4C}.Debug|Any CPU.Build.0 = Debug|Any CPU
		{629BCF30-0246-4431-8DC0-AD88CC0CEF4C}.Release|Any CPU.ActiveCfg = Release|Any CPU
		{629BCF30-0246-4431-8DC0-AD88CC0CEF4C}.Release|Any CPU.Build.0 = Release|Any CPU
	EndGlobalSection
	GlobalSection(SolutionProperties) = preSolution
		HideSolutionNode = FALSE
	EndGlobalSection
	GlobalSection(ExtensibilityGlobals) = postSolution
		SolutionGuid = {626C4BBA-B82A-4056-9857-E3AD0F5F944E}
	EndGlobalSection
EndGlobal
